
Microsoft Visual Studio Solution File, Format Version 12.00
# Visual Studio Version 16
VisualStudioVersion = 16.0.810.14
MinimumVisualStudioVersion = 10.0.40219.1
Project("{FAE04EC0-301F-11D3-BF4B-00C04F79EFBC}") = "Singleton", "Singleton\Singleton.csproj", "{F143C471-172C-42A2-AE67-104C66C7DB5D}"
EndProject
Global
	GlobalSection(SolutionConfigurationPlatforms) = preSolution
		Debug|Any CPU = Debug|Any CPU
		Release|Any CPU = Release|Any CPU
	EndGlobalSection
	GlobalSection(ProjectConfigurationPlatforms) = postSolution
		{F143C471-172C-42A2-AE67-104C66C7DB5D}.Debug|Any CPU.ActiveCfg = Debug|Any CPU
		{F143C471-172C-42A2-AE67-104C66C7DB5D}.Debug|Any CPU.Build.0 = Debug|Any CPU
		{F143C471-172C-42A2-AE67-104C66C7DB5D}.Release|Any CPU.ActiveCfg = Release|Any CPU
		{F143C471-172C-42A2-AE67-104C66C7DB5D}.Release|Any CPU.Build.0 = Release|Any CPU
	EndGlobalSection
	GlobalSection(SolutionProperties) = preSolution
		HideSolutionNode = FALSE
	EndGlobalSection
	GlobalSection(ExtensibilityGlobals) = postSolution
		SolutionGuid = {BDB657F0-681B-471D-99A4-4116A3D07733}
	EndGlobalSection
EndGlobal
